
Microsoft Visual Studio Solution File, Format Version 12.00
# Visual Studio 15
VisualStudioVersion = 15.0.34729.27
MinimumVisualStudioVersion = 10.0.40219.1
Project("{FAE04EC0-301F-11D3-BF4B-00C04F79EFBC}") = "AppArticulos", "AppArticulos\AppArticulos.csproj", "{DB19C54D-C165-4462-ACFB-836DD583AE8C}"
EndProject
Project("{FAE04EC0-301F-11D3-BF4B-00C04F79EFBC}") = "dominio", "dominio\dominio.csproj", "{02578DE7-CD5B-4A5E-9C94-CFDBD00D3105}"
EndProject
Project("{FAE04EC0-301F-11D3-BF4B-00C04F79EFBC}") = "negocio", "negocio\negocio.csproj", "{68803B5E-5051-4B6B-A18D-6B5020C14002}"
EndProject
Global
	GlobalSection(SolutionConfigurationPlatforms) = preSolution
		Debug|Any CPU = Debug|Any CPU
		Release|Any CPU = Release|Any CPU
	EndGlobalSection
	GlobalSection(ProjectConfigurationPlatforms) = postSolution
		{DB19C54D-C165-4462-ACFB-836DD583AE8C}.Debug|Any CPU.ActiveCfg = Debug|Any CPU
		{DB19C54D-C165-4462-ACFB-836DD583AE8C}.Debug|Any CPU.Build.0 = Debug|Any CPU
		{DB19C54D-C165-4462-ACFB-836DD583AE8C}.Release|Any CPU.ActiveCfg = Release|Any CPU
		{DB19C54D-C165-4462-ACFB-836DD583AE8C}.Release|Any CPU.Build.0 = Release|Any CPU
		{02578DE7-CD5B-4A5E-9C94-CFDBD00D3105}.Debug|Any CPU.ActiveCfg = Debug|Any CPU
		{02578DE7-CD5B-4A5E-9C94-CFDBD00D3105}.Debug|Any CPU.Build.0 = Debug|Any CPU
		{02578DE7-CD5B-4A5E-9C94-CFDBD00D3105}.Release|Any CPU.ActiveCfg = Release|Any CPU
		{02578DE7-CD5B-4A5E-9C94-CFDBD00D3105}.Release|Any CPU.Build.0 = Release|Any CPU
		{68803B5E-5051-4B6B-A18D-6B5020C14002}.Debug|Any CPU.ActiveCfg = Debug|Any CPU
		{68803B5E-5051-4B6B-A18D-6B5020C14002}.Debug|Any CPU.Build.0 = Debug|Any CPU
		{68803B5E-5051-4B6B-A18D-6B5020C14002}.Release|Any CPU.ActiveCfg = Release|Any CPU
		{68803B5E-5051-4B6B-A18D-6B5020C14002}.Release|Any CPU.Build.0 = Release|Any CPU
	EndGlobalSection
	GlobalSection(SolutionProperties) = preSolution
		HideSolutionNode = FALSE
	EndGlobalSection
	GlobalSection(ExtensibilityGlobals) = postSolution
		SolutionGuid = {8C82B39F-41E2-4F19-B95C-58D1FF803370}
	EndGlobalSection
EndGlobal
